
Microsoft Visual Studio Solution File, Format Version 12.00
# Visual Studio Version 17
VisualStudioVersion = 17.14.36623.8 d17.14
MinimumVisualStudioVersion = 10.0.40219.1
Project("{FAE04EC0-301F-11D3-BF4B-00C04F79EFBC}") = "MobileStockCapture", "MobileStockCapture\MobileStockCapture.csproj", "{B2F6C760-B56A-4D6E-8D72-9B5F7C05E158}"
EndProject
Global
	GlobalSection(SolutionConfigurationPlatforms) = preSolution
		Debug|Any CPU = Debug|Any CPU
		Release|Any CPU = Release|Any CPU
	EndGlobalSection
	GlobalSection(ProjectConfigurationPlatforms) = postSolution
		{B2F6C760-B56A-4D6E-8D72-9B5F7C05E158}.Debug|Any CPU.ActiveCfg = Debug|Any CPU
		{B2F6C760-B56A-4D6E-8D72-9B5F7C05E158}.Debug|Any CPU.Build.0 = Debug|Any CPU
		{B2F6C760-B56A-4D6E-8D72-9B5F7C05E158}.Release|Any CPU.ActiveCfg = Release|Any CPU
		{B2F6C760-B56A-4D6E-8D72-9B5F7C05E158}.Release|Any CPU.Build.0 = Release|Any CPU
	EndGlobalSection
	GlobalSection(SolutionProperties) = preSolution
		HideSolutionNode = FALSE
	EndGlobalSection
	GlobalSection(ExtensibilityGlobals) = postSolution
		SolutionGuid = {9BFA9974-9C77-43B9-B192-2BE5A24F03C3}
	EndGlobalSection
EndGlobal
